
Microsoft Visual Studio Solution File, Format Version 12.00
# Visual Studio Version 17
VisualStudioVersion = 17.12.35527.113
MinimumVisualStudioVersion = 10.0.40219.1
Project("{FAE04EC0-301F-11D3-BF4B-00C04F79EFBC}") = "ChatAppServer", "ChatAppServer.csproj", "{C0BF59A5-A8B2-4BB8-8536-6DD70B2A6727}"
EndProject
Project("{FAE04EC0-301F-11D3-BF4B-00C04F79EFBC}") = "ChatAppDataAccess", "..\ChatAppDataAccess\ChatAppDataAccess.csproj", "{D24601F8-5A41-4774-98C7-77E7A0861E62}"
EndProject
Project("{FAE04EC0-301F-11D3-BF4B-00C04F79EFBC}") = "ChatAppBusinessLayer", "..\ChatAppBusinessLayer\ChatAppBusinessLayer.csproj", "{6CCCDD38-8B62-4E87-8CC7-468A8EAE1857}"
EndProject
Global
	GlobalSection(SolutionConfigurationPlatforms) = preSolution
		Debug|Any CPU = Debug|Any CPU
		Release|Any CPU = Release|Any CPU
	EndGlobalSection
	GlobalSection(ProjectConfigurationPlatforms) = postSolution
		{C0BF59A5-A8B2-4BB8-8536-6DD70B2A6727}.Debug|Any CPU.ActiveCfg = Debug|Any CPU
		{C0BF59A5-A8B2-4BB8-8536-6DD70B2A6727}.Debug|Any CPU.Build.0 = Debug|Any CPU
		{C0BF59A5-A8B2-4BB8-8536-6DD70B2A6727}.Release|Any CPU.ActiveCfg = Release|Any CPU
		{C0BF59A5-A8B2-4BB8-8536-6DD70B2A6727}.Release|Any CPU.Build.0 = Release|Any CPU
		{D24601F8-5A41-4774-98C7-77E7A0861E62}.Debug|Any CPU.ActiveCfg = Debug|Any CPU
		{D24601F8-5A41-4774-98C7-77E7A0861E62}.Debug|Any CPU.Build.0 = Debug|Any CPU
		{D24601F8-5A41-4774-98C7-77E7A0861E62}.Release|Any CPU.ActiveCfg = Release|Any CPU
		{D24601F8-5A41-4774-98C7-77E7A0861E62}.Release|Any CPU.Build.0 = Release|Any CPU
		{6CCCDD38-8B62-4E87-8CC7-468A8EAE1857}.Debug|Any CPU.ActiveCfg = Debug|Any CPU
		{6CCCDD38-8B62-4E87-8CC7-468A8EAE1857}.Debug|Any CPU.Build.0 = Debug|Any CPU
		{6CCCDD38-8B62-4E87-8CC7-468A8EAE1857}.Release|Any CPU.ActiveCfg = Release|Any CPU
		{6CCCDD38-8B62-4E87-8CC7-468A8EAE1857}.Release|Any CPU.Build.0 = Release|Any CPU
	EndGlobalSection
	GlobalSection(SolutionProperties) = preSolution
		HideSolutionNode = FALSE
	EndGlobalSection
EndGlobal
